
Microsoft Visual Studio Solution File, Format Version 12.00
# Visual Studio Version 17
VisualStudioVersion = 17.11.35303.130
MinimumVisualStudioVersion = 10.0.40219.1
Project("{FAE04EC0-301F-11D3-BF4B-00C04F79EFBC}") = "RenderProgram", "RenderProgram\RenderProgram.csproj", "{A79A40B9-AE72-4FC1-9B94-5BF94AC8BC6B}"
EndProject
Global
	GlobalSection(SolutionConfigurationPlatforms) = preSolution
		Debug|Any CPU = Debug|Any CPU
		Release|Any CPU = Release|Any CPU
	EndGlobalSection
	GlobalSection(ProjectConfigurationPlatforms) = postSolution
		{A79A40B9-AE72-4FC1-9B94-5BF94AC8BC6B}.Debug|Any CPU.ActiveCfg = Debug|Any CPU
		{A79A40B9-AE72-4FC1-9B94-5BF94AC8BC6B}.Debug|Any CPU.Build.0 = Debug|Any CPU
		{A79A40B9-AE72-4FC1-9B94-5BF94AC8BC6B}.Release|Any CPU.ActiveCfg = Release|Any CPU
		{A79A40B9-AE72-4FC1-9B94-5BF94AC8BC6B}.Release|Any CPU.Build.0 = Release|Any CPU
	EndGlobalSection
	GlobalSection(SolutionProperties) = preSolution
		HideSolutionNode = FALSE
	EndGlobalSection
	GlobalSection(ExtensibilityGlobals) = postSolution
		SolutionGuid = {4CB861A5-BC44-4210-B589-22523AE75FB9}
	EndGlobalSection
EndGlobal
